
Microsoft Visual Studio Solution File, Format Version 12.00
Project("{FAE04EC0-301F-11D3-BF4B-00C04F79EFBC}") = "WebApplication1", "WebApplication1\WebApplication1.csproj", "{D103688A-5B5C-4FEC-9FC6-5F720415042E}"
EndProject
Global
	GlobalSection(SolutionConfigurationPlatforms) = preSolution
		Debug|Any CPU = Debug|Any CPU
		Release|Any CPU = Release|Any CPU
	EndGlobalSection
	GlobalSection(ProjectConfigurationPlatforms) = postSolution
		{D103688A-5B5C-4FEC-9FC6-5F720415042E}.Debug|Any CPU.ActiveCfg = Debug|Any CPU
		{D103688A-5B5C-4FEC-9FC6-5F720415042E}.Debug|Any CPU.Build.0 = Debug|Any CPU
		{D103688A-5B5C-4FEC-9FC6-5F720415042E}.Release|Any CPU.ActiveCfg = Release|Any CPU
		{D103688A-5B5C-4FEC-9FC6-5F720415042E}.Release|Any CPU.Build.0 = Release|Any CPU
	EndGlobalSection
EndGlobal
